
Microsoft Visual Studio Solution File, Format Version 12.00
# Visual Studio Version 17
VisualStudioVersion = 17.8.34330.188
MinimumVisualStudioVersion = 10.0.40219.1
Project("{FAE04EC0-301F-11D3-BF4B-00C04F79EFBC}") = "WebApplicationExample", "WebApplicationExample1\WebApplicationExample.csproj", "{A61515EC-1757-4512-B19A-AABFAEC90365}"
EndProject
Global
	GlobalSection(SolutionConfigurationPlatforms) = preSolution
		Debug|Any CPU = Debug|Any CPU
		Release|Any CPU = Release|Any CPU
	EndGlobalSection
	GlobalSection(ProjectConfigurationPlatforms) = postSolution
		{A61515EC-1757-4512-B19A-AABFAEC90365}.Debug|Any CPU.ActiveCfg = Debug|Any CPU
		{A61515EC-1757-4512-B19A-AABFAEC90365}.Debug|Any CPU.Build.0 = Debug|Any CPU
		{A61515EC-1757-4512-B19A-AABFAEC90365}.Release|Any CPU.ActiveCfg = Release|Any CPU
		{A61515EC-1757-4512-B19A-AABFAEC90365}.Release|Any CPU.Build.0 = Release|Any CPU
	EndGlobalSection
	GlobalSection(SolutionProperties) = preSolution
		HideSolutionNode = FALSE
	EndGlobalSection
	GlobalSection(ExtensibilityGlobals) = postSolution
		SolutionGuid = {0B0DF355-2B94-4B4A-A903-2F3C9D667A4E}
	EndGlobalSection
EndGlobal
